
Microsoft Visual Studio Solution File, Format Version 12.00
# Visual Studio Version 16
VisualStudioVersion = 16.0.30114.105
MinimumVisualStudioVersion = 10.0.40219.1
Project("{FAE04EC0-301F-11D3-BF4B-00C04F79EFBC}") = "MahAppsTest", "MahAppsTest.csproj", "{3F24AE35-342A-4390-AA04-72539551E56C}"
EndProject
Global
	GlobalSection(SolutionConfigurationPlatforms) = preSolution
		Debug|Any CPU = Debug|Any CPU
		Release|Any CPU = Release|Any CPU
	EndGlobalSection
	GlobalSection(ProjectConfigurationPlatforms) = postSolution
		{3F24AE35-342A-4390-AA04-72539551E56C}.Debug|Any CPU.ActiveCfg = Debug|Any CPU
		{3F24AE35-342A-4390-AA04-72539551E56C}.Debug|Any CPU.Build.0 = Debug|Any CPU
		{3F24AE35-342A-4390-AA04-72539551E56C}.Release|Any CPU.ActiveCfg = Release|Any CPU
		{3F24AE35-342A-4390-AA04-72539551E56C}.Release|Any CPU.Build.0 = Release|Any CPU
	EndGlobalSection
	GlobalSection(SolutionProperties) = preSolution
		HideSolutionNode = FALSE
	EndGlobalSection
	GlobalSection(ExtensibilityGlobals) = postSolution
		SolutionGuid = {5484EA18-D235-44B7-A32C-CD86CFF41C66}
	EndGlobalSection
EndGlobal
